
Microsoft Visual Studio Solution File, Format Version 12.00
# Visual Studio Version 17
VisualStudioVersion = 17.2.32630.192
MinimumVisualStudioVersion = 10.0.40219.1
Project("{FAE04EC0-301F-11D3-BF4B-00C04F79EFBC}") = "PExercicioIntroducaoHerancaPoo", "PExercicioIntroducaoHerancaPoo\PExercicioIntroducaoHerancaPoo.csproj", "{F506B5C7-7D89-499F-85EA-B815CC7BC32F}"
EndProject
Global
	GlobalSection(SolutionConfigurationPlatforms) = preSolution
		Debug|Any CPU = Debug|Any CPU
		Release|Any CPU = Release|Any CPU
	EndGlobalSection
	GlobalSection(ProjectConfigurationPlatforms) = postSolution
		{F506B5C7-7D89-499F-85EA-B815CC7BC32F}.Debug|Any CPU.ActiveCfg = Debug|Any CPU
		{F506B5C7-7D89-499F-85EA-B815CC7BC32F}.Debug|Any CPU.Build.0 = Debug|Any CPU
		{F506B5C7-7D89-499F-85EA-B815CC7BC32F}.Release|Any CPU.ActiveCfg = Release|Any CPU
		{F506B5C7-7D89-499F-85EA-B815CC7BC32F}.Release|Any CPU.Build.0 = Release|Any CPU
	EndGlobalSection
	GlobalSection(SolutionProperties) = preSolution
		HideSolutionNode = FALSE
	EndGlobalSection
	GlobalSection(ExtensibilityGlobals) = postSolution
		SolutionGuid = {E1C364D2-D3EA-42AD-9C28-CA248FB50752}
	EndGlobalSection
EndGlobal
